
Microsoft Visual Studio Solution File, Format Version 12.00
# Visual Studio 15
VisualStudioVersion = 15.0.26730.15
MinimumVisualStudioVersion = 10.0.40219.1
Project("{9A19103F-16F7-4668-BE54-9A1E7A4F7556}") = "funktio task1", "funktio task1\funktio task1.csproj", "{A9CE1802-D61E-4FF0-AC6D-ABD94695BAD5}"
EndProject
Project("{9A19103F-16F7-4668-BE54-9A1E7A4F7556}") = "funktio task2", "funktio task2\funktio task2.csproj", "{10A9121D-A6CA-488D-93E8-4E34E4ED1741}"
EndProject
Project("{9A19103F-16F7-4668-BE54-9A1E7A4F7556}") = "funktio task3", "funktio task3\funktio task3.csproj", "{BB05DEB1-8078-44E3-9719-BE1561BAE448}"
EndProject
Project("{FAE04EC0-301F-11D3-BF4B-00C04F79EFBC}") = "funktio task4", "funktio task4\funktio task4.csproj", "{81389B94-4167-4DB9-B8C0-CDF69B931D98}"
EndProject
Global
	GlobalSection(SolutionConfigurationPlatforms) = preSolution
		Debug|Any CPU = Debug|Any CPU
		Release|Any CPU = Release|Any CPU
	EndGlobalSection
	GlobalSection(ProjectConfigurationPlatforms) = postSolution
		{A9CE1802-D61E-4FF0-AC6D-ABD94695BAD5}.Debug|Any CPU.ActiveCfg = Debug|Any CPU
		{A9CE1802-D61E-4FF0-AC6D-ABD94695BAD5}.Debug|Any CPU.Build.0 = Debug|Any CPU
		{A9CE1802-D61E-4FF0-AC6D-ABD94695BAD5}.Release|Any CPU.ActiveCfg = Release|Any CPU
		{A9CE1802-D61E-4FF0-AC6D-ABD94695BAD5}.Release|Any CPU.Build.0 = Release|Any CPU
		{10A9121D-A6CA-488D-93E8-4E34E4ED1741}.Debug|Any CPU.ActiveCfg = Debug|Any CPU
		{10A9121D-A6CA-488D-93E8-4E34E4ED1741}.Debug|Any CPU.Build.0 = Debug|Any CPU
		{10A9121D-A6CA-488D-93E8-4E34E4ED1741}.Release|Any CPU.ActiveCfg = Release|Any CPU
		{10A9121D-A6CA-488D-93E8-4E34E4ED1741}.Release|Any CPU.Build.0 = Release|Any CPU
		{BB05DEB1-8078-44E3-9719-BE1561BAE448}.Debug|Any CPU.ActiveCfg = Debug|Any CPU
		{BB05DEB1-8078-44E3-9719-BE1561BAE448}.Debug|Any CPU.Build.0 = Debug|Any CPU
		{BB05DEB1-8078-44E3-9719-BE1561BAE448}.Release|Any CPU.ActiveCfg = Release|Any CPU
		{BB05DEB1-8078-44E3-9719-BE1561BAE448}.Release|Any CPU.Build.0 = Release|Any CPU
		{81389B94-4167-4DB9-B8C0-CDF69B931D98}.Debug|Any CPU.ActiveCfg = Debug|Any CPU
		{81389B94-4167-4DB9-B8C0-CDF69B931D98}.Debug|Any CPU.Build.0 = Debug|Any CPU
		{81389B94-4167-4DB9-B8C0-CDF69B931D98}.Release|Any CPU.ActiveCfg = Release|Any CPU
		{81389B94-4167-4DB9-B8C0-CDF69B931D98}.Release|Any CPU.Build.0 = Release|Any CPU
	EndGlobalSection
	GlobalSection(SolutionProperties) = preSolution
		HideSolutionNode = FALSE
	EndGlobalSection
	GlobalSection(ExtensibilityGlobals) = postSolution
		SolutionGuid = {19C7971A-B3E9-42BE-B9EF-046F21DD6BD2}
	EndGlobalSection
EndGlobal
