
Microsoft Visual Studio Solution File, Format Version 12.00
# Visual Studio 15
VisualStudioVersion = 15.0.26730.15
MinimumVisualStudioVersion = 10.0.40219.1
Project("{9A19103F-16F7-4668-BE54-9A1E7A4F7556}") = "Vuokaavio-2", "Vuokaavio-2\Vuokaavio-2.csproj", "{D8A415DC-0671-401B-B860-38B22715FB32}"
EndProject
Project("{FAE04EC0-301F-11D3-BF4B-00C04F79EFBC}") = "tuntitehtävä", "tuntitehtävä\tuntitehtävä.csproj", "{6A009A30-7839-4A06-910B-B24059547B4C}"
EndProject
Global
	GlobalSection(SolutionConfigurationPlatforms) = preSolution
		Debug|Any CPU = Debug|Any CPU
		Release|Any CPU = Release|Any CPU
	EndGlobalSection
	GlobalSection(ProjectConfigurationPlatforms) = postSolution
		{D8A415DC-0671-401B-B860-38B22715FB32}.Debug|Any CPU.ActiveCfg = Debug|Any CPU
		{D8A415DC-0671-401B-B860-38B22715FB32}.Debug|Any CPU.Build.0 = Debug|Any CPU
		{D8A415DC-0671-401B-B860-38B22715FB32}.Release|Any CPU.ActiveCfg = Release|Any CPU
		{D8A415DC-0671-401B-B860-38B22715FB32}.Release|Any CPU.Build.0 = Release|Any CPU
		{6A009A30-7839-4A06-910B-B24059547B4C}.Debug|Any CPU.ActiveCfg = Debug|Any CPU
		{6A009A30-7839-4A06-910B-B24059547B4C}.Debug|Any CPU.Build.0 = Debug|Any CPU
		{6A009A30-7839-4A06-910B-B24059547B4C}.Release|Any CPU.ActiveCfg = Release|Any CPU
		{6A009A30-7839-4A06-910B-B24059547B4C}.Release|Any CPU.Build.0 = Release|Any CPU
	EndGlobalSection
	GlobalSection(SolutionProperties) = preSolution
		HideSolutionNode = FALSE
	EndGlobalSection
	GlobalSection(ExtensibilityGlobals) = postSolution
		SolutionGuid = {97367654-EA6C-478C-BF2B-B0F34EF08A99}
	EndGlobalSection
EndGlobal
